{
  "name": "Pizza-Farsi",
  "version": "1.0.0",
  "lockfileVersion": 1,
  "requires": true,
  "dependencies": {
    "vazir-font": {
      "version": "21.0.1",
      "resolved": "https://registry.npmjs.org/vazir-font/-/vazir-font-21.0.1.tgz",
      "integrity": "sha512-TmZwJ/0tkb1DaGEJ2MOCId9MTW/HyQIXggw3DwrHNRRm08dvXU7wmYBCFFNmF42trpgQ2wGQeUP3Wu6dIW8aBw=="
    }
  }
}
